<?xml version="1.0" encoding="utf-8"?>
<Project ToolsVersion="4.0" xmlns="http://schemas.microsoft.com/developer/msbuild/2003">
  <ItemGroup>
    <Filter Include="源文件">
      <UniqueIdentifier>{4FC737F1-C7A5-4376-A066-2A32D752A2FF}</UniqueIdentifier>
      <Extensions>cpp;c;cc;cxx;c++;cppm;ixx;def;odl;idl;hpj;bat;asm;asmx</Extensions>
    </Filter>
    <Filter Include="头文件">
      <UniqueIdentifier>{93995380-89BD-4b04-88EB-625FBE52EBFB}</UniqueIdentifier>
      <Extensions>h;hh;hpp;hxx;h++;hm;inl;inc;ipp;xsd</Extensions>
    </Filter>
    <Filter Include="资源文件">
      <UniqueIdentifier>{67DA6AB6-F800-4c08-8B7A-83BB121AAD01}</UniqueIdentifier>
      <Extensions>rc;ico;cur;bmp;dlg;rc2;rct;bin;rgs;gif;jpg;jpeg;jpe;resx;tiff;tif;png;wav;mfcribbon-ms</Extensions>
    </Filter>
  </ItemGroup>
  <ItemGroup>
    <ClCompile Include="main.cpp">
      <Filter>源文件</Filter>
    </ClCompile>
    <ClCompile Include="ParseDex.cpp">
      <Filter>源文件</Filter>
    </ClCompile>
    <ClCompile Include="Utils.cpp">
      <Filter>源文件</Filter>
    </ClCompile>
    <ClCompile Include="PatchDex.cpp">
      <Filter>源文件</Filter>
    </ClCompile>
    <ClCompile Include="Build.cpp">
      <Filter>源文件</Filter>
    </ClCompile>
    <ClCompile Include="Command.cpp">
      <Filter>源文件</Filter>
    </ClCompile>
  </ItemGroup>
  <ItemGroup>
    <ClInclude Include="ParseDex.h">
      <Filter>头文件</Filter>
    </ClInclude>
    <ClInclude Include="DexFile.h">
      <Filter>头文件</Filter>
    </ClInclude>
    <ClInclude Include="Utils.h">
      <Filter>头文件</Filter>
    </ClInclude>
    <ClInclude Include="PatchDex.h">
      <Filter>头文件</Filter>
    </ClInclude>
    <ClInclude Include="Build.h">
      <Filter>头文件</Filter>
    </ClInclude>
    <ClInclude Include="json.hpp">
      <Filter>头文件</Filter>
    </ClInclude>
    <ClInclude Include="clpp\detail\argument_caster.hpp">
      <Filter>头文件</Filter>
    </ClInclude>
    <ClInclude Include="clpp\detail\argument_holder.hpp">
      <Filter>头文件</Filter>
    </ClInclude>
    <ClInclude Include="clpp\detail\checkers\all.hpp">
      <Filter>头文件</Filter>
    </ClInclude>
    <ClInclude Include="clpp\detail\checkers\common_checker.hpp">
      <Filter>头文件</Filter>
    </ClInclude>
    <ClInclude Include="clpp\detail\checkers\incorrect_parameters.hpp">
      <Filter>头文件</Filter>
    </ClInclude>
    <ClInclude Include="clpp\detail\checkers\necessary_parameters.hpp">
      <Filter>头文件</Filter>
    </ClInclude>
    <ClInclude Include="clpp\detail\checkers\parameters_existence.hpp">
      <Filter>头文件</Filter>
    </ClInclude>
    <ClInclude Include="clpp\detail\checkers\parameters_redundancy.hpp">
      <Filter>头文件</Filter>
    </ClInclude>
    <ClInclude Include="clpp\detail\checkers\parameters_repetition.hpp">
      <Filter>头文件</Filter>
    </ClInclude>
    <ClInclude Include="clpp\detail\checkers\values_correction.hpp">
      <Filter>头文件</Filter>
    </ClInclude>
    <ClInclude Include="clpp\detail\checkers\values_semantic.hpp">
      <Filter>头文件</Filter>
    </ClInclude>
    <ClInclude Include="clpp\detail\misc.hpp">
      <Filter>头文件</Filter>
    </ClInclude>
    <ClInclude Include="clpp\detail\parameter.hpp">
      <Filter>头文件</Filter>
    </ClInclude>
    <ClInclude Include="clpp\detail\parameter_parts_extractor.hpp">
      <Filter>头文件</Filter>
    </ClInclude>
    <ClInclude Include="clpp\detail\types.hpp">
      <Filter>头文件</Filter>
    </ClInclude>
    <ClInclude Include="clpp\detail\unnamed_parameters_handler.hpp">
      <Filter>头文件</Filter>
    </ClInclude>
    <ClInclude Include="clpp\detail\user_functions_caller.hpp">
      <Filter>头文件</Filter>
    </ClInclude>
    <ClInclude Include="clpp\parser.hpp">
      <Filter>头文件</Filter>
    </ClInclude>
    <ClInclude Include="Command.h">
      <Filter>头文件</Filter>
    </ClInclude>
    <ClInclude Include="cmdline.h">
      <Filter>头文件</Filter>
    </ClInclude>
  </ItemGroup>
</Project>